
Microsoft Visual Studio Solution File, Format Version 12.00
# Visual Studio Version 16
VisualStudioVersion = 16.0.29519.87
MinimumVisualStudioVersion = 10.0.40219.1
Project("{9A19103F-16F7-4668-BE54-9A1E7A4F7556}") = "DWC.Blazor", "DWC.Blazor\DWC.Blazor.csproj", "{EBBD88FA-68FD-444B-9142-E4998C901587}"
EndProject
Project("{FAE04EC0-301F-11D3-BF4B-00C04F79EFBC}") = "DWC.Blazor.Tests", "DWC.Blazor.Tests\DWC.Blazor.Tests.csproj", "{23688168-8922-4060-BC0C-4721C9DF4646}"
EndProject
Global
	GlobalSection(SolutionConfigurationPlatforms) = preSolution
		Debug|Any CPU = Debug|Any CPU
		Release|Any CPU = Release|Any CPU
	EndGlobalSection
	GlobalSection(ProjectConfigurationPlatforms) = postSolution
		{EBBD88FA-68FD-444B-9142-E4998C901587}.Debug|Any CPU.ActiveCfg = Debug|Any CPU
		{EBBD88FA-68FD-444B-9142-E4998C901587}.Debug|Any CPU.Build.0 = Debug|Any CPU
		{EBBD88FA-68FD-444B-9142-E4998C901587}.Release|Any CPU.ActiveCfg = Release|Any CPU
		{EBBD88FA-68FD-444B-9142-E4998C901587}.Release|Any CPU.Build.0 = Release|Any CPU
		{23688168-8922-4060-BC0C-4721C9DF4646}.Debug|Any CPU.ActiveCfg = Debug|Any CPU
		{23688168-8922-4060-BC0C-4721C9DF4646}.Debug|Any CPU.Build.0 = Debug|Any CPU
		{23688168-8922-4060-BC0C-4721C9DF4646}.Release|Any CPU.ActiveCfg = Release|Any CPU
		{23688168-8922-4060-BC0C-4721C9DF4646}.Release|Any CPU.Build.0 = Release|Any CPU
	EndGlobalSection
	GlobalSection(SolutionProperties) = preSolution
		HideSolutionNode = FALSE
	EndGlobalSection
	GlobalSection(ExtensibilityGlobals) = postSolution
		SolutionGuid = {80BB95A4-F02D-4261-9E0B-F32909A747F2}
	EndGlobalSection
EndGlobal
